// !$*UTF8*$!
{
	archiveVersion = 1;
	classes = {
	};
	objectVersion = 56;
	objects = {

/* Begin PBXBuildFile section */
		4C3B6B1FE24625BCE0279AC0 /* Pods_InstagramClone.framework in Frameworks */ = {isa = PBXBuildFile; fileRef = 7EE1412E275531F2135F53AE /* Pods_InstagramClone.framework */; };
		851BEC2429C8687F00691376 /* AppDelegate.swift in Sources */ = {isa = PBXBuildFile; fileRef = 851BEC2329C8687F00691376 /* AppDelegate.swift */; };
		851BEC2629C8687F00691376 /* SceneDelegate.swift in Sources */ = {isa = PBXBuildFile; fileRef = 851BEC2529C8687F00691376 /* SceneDelegate.swift */; };
		851BEC2829C8687F00691376 /* ViewController.swift in Sources */ = {isa = PBXBuildFile; fileRef = 851BEC2729C8687F00691376 /* ViewController.swift */; };
		851BEC2B29C8687F00691376 /* Main.storyboard in Resources */ = {isa = PBXBuildFile; fileRef = 851BEC2929C8687F00691376 /* Main.storyboard */; };
		851BEC3029C8688000691376 /* LaunchScreen.storyboard in Resources */ = {isa = PBXBuildFile; fileRef = 851BEC2E29C8688000691376 /* LaunchScreen.storyboard */; };
		851BEC4129C8698200691376 /* MainTabController.swift in Sources */ = {isa = PBXBuildFile; fileRef = 851BEC4029C8698200691376 /* MainTabController.swift */; };
		852A7C6429CC371C00C75191 /* ImageUploader.swift in Sources */ = {isa = PBXBuildFile; fileRef = 852A7C6329CC371C00C75191 /* ImageUploader.swift */; };
		852A7C6629CC372300C75191 /* AuthService.swift in Sources */ = {isa = PBXBuildFile; fileRef = 852A7C6529CC372300C75191 /* AuthService.swift */; };
		852A7C6829CC3C6E00C75191 /* Constants.swift in Sources */ = {isa = PBXBuildFile; fileRef = 852A7C6729CC3C6E00C75191 /* Constants.swift */; };
		852A7C6A29CDA56900C75191 /* ProfileCell.swift in Sources */ = {isa = PBXBuildFile; fileRef = 852A7C6929CDA56900C75191 /* ProfileCell.swift */; };
		852A7C6C29CDA57300C75191 /* ProfileHeader.swift in Sources */ = {isa = PBXBuildFile; fileRef = 852A7C6B29CDA57300C75191 /* ProfileHeader.swift */; };
		852A7C6E29CDC46E00C75191 /* User.swift in Sources */ = {isa = PBXBuildFile; fileRef = 852A7C6D29CDC46E00C75191 /* User.swift */; };
		852A7C7029CDC4D500C75191 /* UserService.swift in Sources */ = {isa = PBXBuildFile; fileRef = 852A7C6F29CDC4D500C75191 /* UserService.swift */; };
		852A7C7229CDCA4200C75191 /* ProfileHeaderViewModel.swift in Sources */ = {isa = PBXBuildFile; fileRef = 852A7C7129CDCA4200C75191 /* ProfileHeaderViewModel.swift */; };
		852A7C7429CDD98C00C75191 /* UserCell.swift in Sources */ = {isa = PBXBuildFile; fileRef = 852A7C7329CDD98C00C75191 /* UserCell.swift */; };
		852A7C7629CDF9C600C75191 /* UserCellViewModel.swift in Sources */ = {isa = PBXBuildFile; fileRef = 852A7C7529CDF9C600C75191 /* UserCellViewModel.swift */; };
		85954C7429D56DC20009EE7D /* CommentController.swift in Sources */ = {isa = PBXBuildFile; fileRef = 85954C7329D56DC20009EE7D /* CommentController.swift */; };
		85954C7629D56E8F0009EE7D /* CommentCell.swift in Sources */ = {isa = PBXBuildFile; fileRef = 85954C7529D56E8F0009EE7D /* CommentCell.swift */; };
		85954C7829D57B590009EE7D /* CommentTextView.swift in Sources */ = {isa = PBXBuildFile; fileRef = 85954C7729D57B590009EE7D /* CommentTextView.swift */; };
		85B8899929D83901008D8014 /* Comment.swift in Sources */ = {isa = PBXBuildFile; fileRef = 85B8899829D83901008D8014 /* Comment.swift */; };
		85B8899B29D83EAA008D8014 /* CommentViewModel.swift in Sources */ = {isa = PBXBuildFile; fileRef = 85B8899A29D83EAA008D8014 /* CommentViewModel.swift */; };
		85D0A56D29D180BB0068BA87 /* ProfileFeedController.swift in Sources */ = {isa = PBXBuildFile; fileRef = 85D0A56C29D180BB0068BA87 /* ProfileFeedController.swift */; };
		85D0A56F29D18E160068BA87 /* ActionSheetViewModel.swift in Sources */ = {isa = PBXBuildFile; fileRef = 85D0A56E29D18E160068BA87 /* ActionSheetViewModel.swift */; };
		85D0A57129D18E460068BA87 /* ActionSheetLauncher.swift in Sources */ = {isa = PBXBuildFile; fileRef = 85D0A57029D18E460068BA87 /* ActionSheetLauncher.swift */; };
		85D0A57329D18EF00068BA87 /* ActionSheetCell.swift in Sources */ = {isa = PBXBuildFile; fileRef = 85D0A57229D18EF00068BA87 /* ActionSheetCell.swift */; };
		85D0A57529D194F30068BA87 /* ActionSheetHeader.swift in Sources */ = {isa = PBXBuildFile; fileRef = 85D0A57429D194F30068BA87 /* ActionSheetHeader.swift */; };
		85D0A57729D19D070068BA87 /* SavedController.swift in Sources */ = {isa = PBXBuildFile; fileRef = 85D0A57629D19D070068BA87 /* SavedController.swift */; };
		85D0A57929D1AAEC0068BA87 /* EditProfileController.swift in Sources */ = {isa = PBXBuildFile; fileRef = 85D0A57829D1AAEC0068BA87 /* EditProfileController.swift */; };
		85D9C0D329C9C2D10023C400 /* FeedController.swift in Sources */ = {isa = PBXBuildFile; fileRef = 85D9C0D229C9C2D10023C400 /* FeedController.swift */; };
		85D9C0D529C9C2D90023C400 /* SearchController.swift in Sources */ = {isa = PBXBuildFile; fileRef = 85D9C0D429C9C2D90023C400 /* SearchController.swift */; };
		85D9C0D729C9C2EB0023C400 /* ProfileController.swift in Sources */ = {isa = PBXBuildFile; fileRef = 85D9C0D629C9C2EB0023C400 /* ProfileController.swift */; };
		85D9C0D929C9C2F70023C400 /* PostController.swift in Sources */ = {isa = PBXBuildFile; fileRef = 85D9C0D829C9C2F70023C400 /* PostController.swift */; };
		85D9C0DB29C9C2FF0023C400 /* NotificationsController.swift in Sources */ = {isa = PBXBuildFile; fileRef = 85D9C0DA29C9C2FF0023C400 /* NotificationsController.swift */; };
		85D9C0DD29C9C57C0023C400 /* Assets.xcassets in Resources */ = {isa = PBXBuildFile; fileRef = 85D9C0DC29C9C57C0023C400 /* Assets.xcassets */; };
		85D9C10929CA0B810023C400 /* PostCell.swift in Sources */ = {isa = PBXBuildFile; fileRef = 85D9C10829CA0B810023C400 /* PostCell.swift */; };
		85D9C10B29CAE8280023C400 /* LoginController.swift in Sources */ = {isa = PBXBuildFile; fileRef = 85D9C10A29CAE8280023C400 /* LoginController.swift */; };
		85D9C10D29CAE8320023C400 /* SignupController.swift in Sources */ = {isa = PBXBuildFile; fileRef = 85D9C10C29CAE8320023C400 /* SignupController.swift */; };
		85D9C10F29CAF30D0023C400 /* CustomTextField.swift in Sources */ = {isa = PBXBuildFile; fileRef = 85D9C10E29CAF30D0023C400 /* CustomTextField.swift */; };
		85D9C11129CAF5330023C400 /* Extensions.swift in Sources */ = {isa = PBXBuildFile; fileRef = 85D9C11029CAF5330023C400 /* Extensions.swift */; };
		85D9C11329CAFE2C0023C400 /* AuthViewModel.swift in Sources */ = {isa = PBXBuildFile; fileRef = 85D9C11229CAFE2C0023C400 /* AuthViewModel.swift */; };
		85E2278829CB518500A19821 /* GoogleService-Info.plist in Resources */ = {isa = PBXBuildFile; fileRef = 85E2278729CB518500A19821 /* GoogleService-Info.plist */; };
		85FD7D3A29CEE86D009A8473 /* UploadPostController.swift in Sources */ = {isa = PBXBuildFile; fileRef = 85FD7D3929CEE86D009A8473 /* UploadPostController.swift */; };
		85FD7D3C29CEF366009A8473 /* InputTextView.swift in Sources */ = {isa = PBXBuildFile; fileRef = 85FD7D3B29CEF366009A8473 /* InputTextView.swift */; };
		85FD7D4029CEF835009A8473 /* PostService.swift in Sources */ = {isa = PBXBuildFile; fileRef = 85FD7D3F29CEF835009A8473 /* PostService.swift */; };
		85FD7D4229CF0045009A8473 /* PostViewModel.swift in Sources */ = {isa = PBXBuildFile; fileRef = 85FD7D4129CF0045009A8473 /* PostViewModel.swift */; };
		85FD7D4429CF0B5D009A8473 /* Post.swift in Sources */ = {isa = PBXBuildFile; fileRef = 85FD7D4329CF0B5D009A8473 /* Post.swift */; };
/* End PBXBuildFile section */

/* Begin PBXFileReference section */
		1C6853DFEF55AD4953508655 /* Pods-InstagramClone.debug.xcconfig */ = {isa = PBXFileReference; includeInIndex = 1; lastKnownFileType = text.xcconfig; name = "Pods-InstagramClone.debug.xcconfig"; path = "Target Support Files/Pods-InstagramClone/Pods-InstagramClone.debug.xcconfig"; sourceTree = "<group>"; };
		2CC4DEDE833650EF25F70D0F /* Pods-InstagramClone.release.xcconfig */ = {isa = PBXFileReference; includeInIndex = 1; lastKnownFileType = text.xcconfig; name = "Pods-InstagramClone.release.xcconfig"; path = "Target Support Files/Pods-InstagramClone/Pods-InstagramClone.release.xcconfig"; sourceTree = "<group>"; };
		7EE1412E275531F2135F53AE /* Pods_InstagramClone.framework */ = {isa = PBXFileReference; explicitFileType = wrapper.framework; includeInIndex = 0; path = Pods_InstagramClone.framework; sourceTree = BUILT_PRODUCTS_DIR; };
		851BEC2029C8687F00691376 /* InstagramClone.app */ = {isa = PBXFileReference; explicitFileType = wrapper.application; includeInIndex = 0; path = InstagramClone.app; sourceTree = BUILT_PRODUCTS_DIR; };
		851BEC2329C8687F00691376 /* AppDelegate.swift */ = {isa = PBXFileReference; lastKnownFileType = sourcecode.swift; path = AppDelegate.swift; sourceTree = "<group>"; };
		851BEC2529C8687F00691376 /* SceneDelegate.swift */ = {isa = PBXFileReference; lastKnownFileType = sourcecode.swift; path = SceneDelegate.swift; sourceTree = "<group>"; };
		851BEC2729C8687F00691376 /* ViewController.swift */ = {isa = PBXFileReference; lastKnownFileType = sourcecode.swift; path = ViewController.swift; sourceTree = "<group>"; };
		851BEC2A29C8687F00691376 /* Base */ = {isa = PBXFileReference; lastKnownFileType = file.storyboard; name = Base; path = Base.lproj/Main.storyboard; sourceTree = "<group>"; };
		851BEC2F29C8688000691376 /* Base */ = {isa = PBXFileReference; lastKnownFileType = file.storyboard; name = Base; path = Base.lproj/LaunchScreen.storyboard; sourceTree = "<group>"; };
		851BEC3129C8688000691376 /* Info.plist */ = {isa = PBXFileReference; lastKnownFileType = text.plist.xml; path = Info.plist; sourceTree = "<group>"; };
		851BEC4029C8698200691376 /* MainTabController.swift */ = {isa = PBXFileReference; lastKnownFileType = sourcecode.swift; path = MainTabController.swift; sourceTree = "<group>"; };
		852A7C6329CC371C00C75191 /* ImageUploader.swift */ = {isa = PBXFileReference; lastKnownFileType = sourcecode.swift; path = ImageUploader.swift; sourceTree = "<group>"; };
		852A7C6529CC372300C75191 /* AuthService.swift */ = {isa = PBXFileReference; lastKnownFileType = sourcecode.swift; path = AuthService.swift; sourceTree = "<group>"; };
		852A7C6729CC3C6E00C75191 /* Constants.swift */ = {isa = PBXFileReference; lastKnownFileType = sourcecode.swift; path = Constants.swift; sourceTree = "<group>"; };
		852A7C6929CDA56900C75191 /* ProfileCell.swift */ = {isa = PBXFileReference; lastKnownFileType = sourcecode.swift; path = ProfileCell.swift; sourceTree = "<group>"; };
		852A7C6B29CDA57300C75191 /* ProfileHeader.swift */ = {isa = PBXFileReference; lastKnownFileType = sourcecode.swift; path = ProfileHeader.swift; sourceTree = "<group>"; };
		852A7C6D29CDC46E00C75191 /* User.swift */ = {isa = PBXFileReference; lastKnownFileType = sourcecode.swift; path = User.swift; sourceTree = "<group>"; };
		852A7C6F29CDC4D500C75191 /* UserService.swift */ = {isa = PBXFileReference; lastKnownFileType = sourcecode.swift; path = UserService.swift; sourceTree = "<group>"; };
		852A7C7129CDCA4200C75191 /* ProfileHeaderViewModel.swift */ = {isa = PBXFileReference; lastKnownFileType = sourcecode.swift; path = ProfileHeaderViewModel.swift; sourceTree = "<group>"; };
		852A7C7329CDD98C00C75191 /* UserCell.swift */ = {isa = PBXFileReference; lastKnownFileType = sourcecode.swift; path = UserCell.swift; sourceTree = "<group>"; };
		852A7C7529CDF9C600C75191 /* UserCellViewModel.swift */ = {isa = PBXFileReference; lastKnownFileType = sourcecode.swift; path = UserCellViewModel.swift; sourceTree = "<group>"; };
		85954C7329D56DC20009EE7D /* CommentController.swift */ = {isa = PBXFileReference; lastKnownFileType = sourcecode.swift; path = CommentController.swift; sourceTree = "<group>"; };
		85954C7529D56E8F0009EE7D /* CommentCell.swift */ = {isa = PBXFileReference; lastKnownFileType = sourcecode.swift; path = CommentCell.swift; sourceTree = "<group>"; };
		85954C7729D57B590009EE7D /* CommentTextView.swift */ = {isa = PBXFileReference; lastKnownFileType = sourcecode.swift; path = CommentTextView.swift; sourceTree = "<group>"; };
		85B8899829D83901008D8014 /* Comment.swift */ = {isa = PBXFileReference; lastKnownFileType = sourcecode.swift; path = Comment.swift; sourceTree = "<group>"; };
		85B8899A29D83EAA008D8014 /* CommentViewModel.swift */ = {isa = PBXFileReference; lastKnownFileType = sourcecode.swift; path = CommentViewModel.swift; sourceTree = "<group>"; };
		85D0A56C29D180BB0068BA87 /* ProfileFeedController.swift */ = {isa = PBXFileReference; lastKnownFileType = sourcecode.swift; path = ProfileFeedController.swift; sourceTree = "<group>"; };
		85D0A56E29D18E160068BA87 /* ActionSheetViewModel.swift */ = {isa = PBXFileReference; lastKnownFileType = sourcecode.swift; path = ActionSheetViewModel.swift; sourceTree = "<group>"; };
		85D0A57029D18E460068BA87 /* ActionSheetLauncher.swift */ = {isa = PBXFileReference; lastKnownFileType = sourcecode.swift; path = ActionSheetLauncher.swift; sourceTree = "<group>"; };
		85D0A57229D18EF00068BA87 /* ActionSheetCell.swift */ = {isa = PBXFileReference; lastKnownFileType = sourcecode.swift; path = ActionSheetCell.swift; sourceTree = "<group>"; };
		85D0A57429D194F30068BA87 /* ActionSheetHeader.swift */ = {isa = PBXFileReference; lastKnownFileType = sourcecode.swift; path = ActionSheetHeader.swift; sourceTree = "<group>"; };
		85D0A57629D19D070068BA87 /* SavedController.swift */ = {isa = PBXFileReference; lastKnownFileType = sourcecode.swift; path = SavedController.swift; sourceTree = "<group>"; };
		85D0A57829D1AAEC0068BA87 /* EditProfileController.swift */ = {isa = PBXFileReference; lastKnownFileType = sourcecode.swift; path = EditProfileController.swift; sourceTree = "<group>"; };
		85D9C0D229C9C2D10023C400 /* FeedController.swift */ = {isa = PBXFileReference; lastKnownFileType = sourcecode.swift; path = FeedController.swift; sourceTree = "<group>"; };
		85D9C0D429C9C2D90023C400 /* SearchController.swift */ = {isa = PBXFileReference; lastKnownFileType = sourcecode.swift; path = SearchController.swift; sourceTree = "<group>"; };
		85D9C0D629C9C2EB0023C400 /* ProfileController.swift */ = {isa = PBXFileReference; lastKnownFileType = sourcecode.swift; path = ProfileController.swift; sourceTree = "<group>"; };
		85D9C0D829C9C2F70023C400 /* PostController.swift */ = {isa = PBXFileReference; lastKnownFileType = sourcecode.swift; path = PostController.swift; sourceTree = "<group>"; };
		85D9C0DA29C9C2FF0023C400 /* NotificationsController.swift */ = {isa = PBXFileReference; lastKnownFileType = sourcecode.swift; path = NotificationsController.swift; sourceTree = "<group>"; };
		85D9C0DC29C9C57C0023C400 /* Assets.xcassets */ = {isa = PBXFileReference; lastKnownFileType = folder.assetcatalog; name = Assets.xcassets; path = ../../../../Downloads/Assets.xcassets; sourceTree = "<group>"; };
		85D9C10829CA0B810023C400 /* PostCell.swift */ = {isa = PBXFileReference; lastKnownFileType = sourcecode.swift; path = PostCell.swift; sourceTree = "<group>"; };
		85D9C10A29CAE8280023C400 /* LoginController.swift */ = {isa = PBXFileReference; lastKnownFileType = sourcecode.swift; path = LoginController.swift; sourceTree = "<group>"; };
		85D9C10C29CAE8320023C400 /* SignupController.swift */ = {isa = PBXFileReference; lastKnownFileType = sourcecode.swift; path = SignupController.swift; sourceTree = "<group>"; };
		85D9C10E29CAF30D0023C400 /* CustomTextField.swift */ = {isa = PBXFileReference; lastKnownFileType = sourcecode.swift; path = CustomTextField.swift; sourceTree = "<group>"; };
		85D9C11029CAF5330023C400 /* Extensions.swift */ = {isa = PBXFileReference; lastKnownFileType = sourcecode.swift; path = Extensions.swift; sourceTree = "<group>"; };
		85D9C11229CAFE2C0023C400 /* AuthViewModel.swift */ = {isa = PBXFileReference; lastKnownFileType = sourcecode.swift; path = AuthViewModel.swift; sourceTree = "<group>"; };
		85E2278729CB518500A19821 /* GoogleService-Info.plist */ = {isa = PBXFileReference; fileEncoding = 4; lastKnownFileType = text.plist.xml; path = "GoogleService-Info.plist"; sourceTree = "<group>"; };
		85FD7D3929CEE86D009A8473 /* UploadPostController.swift */ = {isa = PBXFileReference; lastKnownFileType = sourcecode.swift; path = UploadPostController.swift; sourceTree = "<group>"; };
		85FD7D3B29CEF366009A8473 /* InputTextView.swift */ = {isa = PBXFileReference; lastKnownFileType = sourcecode.swift; path = InputTextView.swift; sourceTree = "<group>"; };
		85FD7D3F29CEF835009A8473 /* PostService.swift */ = {isa = PBXFileReference; lastKnownFileType = sourcecode.swift; path = PostService.swift; sourceTree = "<group>"; };
		85FD7D4129CF0045009A8473 /* PostViewModel.swift */ = {isa = PBXFileReference; lastKnownFileType = sourcecode.swift; path = PostViewModel.swift; sourceTree = "<group>"; };
		85FD7D4329CF0B5D009A8473 /* Post.swift */ = {isa = PBXFileReference; lastKnownFileType = sourcecode.swift; path = Post.swift; sourceTree = "<group>"; };
/* End PBXFileReference section */

/* Begin PBXFrameworksBuildPhase section */
		851BEC1D29C8687F00691376 /* Frameworks */ = {
			isa = PBXFrameworksBuildPhase;
			buildActionMask = 2147483647;
			files = (
				4C3B6B1FE24625BCE0279AC0 /* Pods_InstagramClone.framework in Frameworks */,
			);
			runOnlyForDeploymentPostprocessing = 0;
		};
/* End PBXFrameworksBuildPhase section */

/* Begin PBXGroup section */
		56F34F7BD5B62A4F5236208D /* Frameworks */ = {
			isa = PBXGroup;
			children = (
				7EE1412E275531F2135F53AE /* Pods_InstagramClone.framework */,
			);
			name = Frameworks;
			sourceTree = "<group>";
		};
		851BEC1729C8687F00691376 = {
			isa = PBXGroup;
			children = (
				851BEC2229C8687F00691376 /* InstagramClone */,
				851BEC2129C8687F00691376 /* Products */,
				C7CBA3BC277421FEC785C4CB /* Pods */,
				56F34F7BD5B62A4F5236208D /* Frameworks */,
			);
			sourceTree = "<group>";
		};
		851BEC2129C8687F00691376 /* Products */ = {
			isa = PBXGroup;
			children = (
				851BEC2029C8687F00691376 /* InstagramClone.app */,
			);
			name = Products;
			sourceTree = "<group>";
		};
		851BEC2229C8687F00691376 /* InstagramClone */ = {
			isa = PBXGroup;
			children = (
				851BEC3F29C868EC00691376 /* SupportingFiles */,
				851BEC3D29C868BD00691376 /* Model */,
				851BEC3C29C868BB00691376 /* View */,
				851BEC3B29C868B900691376 /* ViewModel */,
				851BEC3A29C868B800691376 /* Controller */,
				851BEC3829C868B200691376 /* API */,
				851BEC3729C868AE00691376 /* Utilities */,
				851BEC2729C8687F00691376 /* ViewController.swift */,
				851BEC2929C8687F00691376 /* Main.storyboard */,
				85D9C0DC29C9C57C0023C400 /* Assets.xcassets */,
				85E2278729CB518500A19821 /* GoogleService-Info.plist */,
				851BEC2E29C8688000691376 /* LaunchScreen.storyboard */,
				851BEC3129C8688000691376 /* Info.plist */,
			);
			path = InstagramClone;
			sourceTree = "<group>";
		};
		851BEC3729C868AE00691376 /* Utilities */ = {
			isa = PBXGroup;
			children = (
				85D9C11029CAF5330023C400 /* Extensions.swift */,
				852A7C6729CC3C6E00C75191 /* Constants.swift */,
				85D0A57029D18E460068BA87 /* ActionSheetLauncher.swift */,
			);
			path = Utilities;
			sourceTree = "<group>";
		};
		851BEC3829C868B200691376 /* API */ = {
			isa = PBXGroup;
			children = (
				852A7C6329CC371C00C75191 /* ImageUploader.swift */,
				852A7C6529CC372300C75191 /* AuthService.swift */,
				852A7C6F29CDC4D500C75191 /* UserService.swift */,
				85FD7D3F29CEF835009A8473 /* PostService.swift */,
			);
			path = API;
			sourceTree = "<group>";
		};
		851BEC3A29C868B800691376 /* Controller */ = {
			isa = PBXGroup;
			children = (
				851BEC4029C8698200691376 /* MainTabController.swift */,
				85D9C0D229C9C2D10023C400 /* FeedController.swift */,
				85D9C0D429C9C2D90023C400 /* SearchController.swift */,
				85D9C0D629C9C2EB0023C400 /* ProfileController.swift */,
				85D9C0D829C9C2F70023C400 /* PostController.swift */,
				85D9C0DA29C9C2FF0023C400 /* NotificationsController.swift */,
				85D9C10A29CAE8280023C400 /* LoginController.swift */,
				85D9C10C29CAE8320023C400 /* SignupController.swift */,
				85FD7D3929CEE86D009A8473 /* UploadPostController.swift */,
				85D0A56C29D180BB0068BA87 /* ProfileFeedController.swift */,
				85D0A57629D19D070068BA87 /* SavedController.swift */,
				85D0A57829D1AAEC0068BA87 /* EditProfileController.swift */,
				85954C7329D56DC20009EE7D /* CommentController.swift */,
			);
			path = Controller;
			sourceTree = "<group>";
		};
		851BEC3B29C868B900691376 /* ViewModel */ = {
			isa = PBXGroup;
			children = (
				85D9C11229CAFE2C0023C400 /* AuthViewModel.swift */,
				852A7C7129CDCA4200C75191 /* ProfileHeaderViewModel.swift */,
				852A7C7529CDF9C600C75191 /* UserCellViewModel.swift */,
				85FD7D4129CF0045009A8473 /* PostViewModel.swift */,
				85D0A56E29D18E160068BA87 /* ActionSheetViewModel.swift */,
				85B8899A29D83EAA008D8014 /* CommentViewModel.swift */,
			);
			path = ViewModel;
			sourceTree = "<group>";
		};
		851BEC3C29C868BB00691376 /* View */ = {
			isa = PBXGroup;
			children = (
				85D9C10829CA0B810023C400 /* PostCell.swift */,
				85D9C10E29CAF30D0023C400 /* CustomTextField.swift */,
				852A7C6929CDA56900C75191 /* ProfileCell.swift */,
				852A7C6B29CDA57300C75191 /* ProfileHeader.swift */,
				852A7C7329CDD98C00C75191 /* UserCell.swift */,
				85FD7D3B29CEF366009A8473 /* InputTextView.swift */,
				85D0A57229D18EF00068BA87 /* ActionSheetCell.swift */,
				85D0A57429D194F30068BA87 /* ActionSheetHeader.swift */,
				85954C7529D56E8F0009EE7D /* CommentCell.swift */,
				85954C7729D57B590009EE7D /* CommentTextView.swift */,
			);
			path = View;
			sourceTree = "<group>";
		};
		851BEC3D29C868BD00691376 /* Model */ = {
			isa = PBXGroup;
			children = (
				852A7C6D29CDC46E00C75191 /* User.swift */,
				85FD7D4329CF0B5D009A8473 /* Post.swift */,
				85B8899829D83901008D8014 /* Comment.swift */,
			);
			path = Model;
			sourceTree = "<group>";
		};
		851BEC3F29C868EC00691376 /* SupportingFiles */ = {
			isa = PBXGroup;
			children = (
				851BEC2529C8687F00691376 /* SceneDelegate.swift */,
				851BEC2329C8687F00691376 /* AppDelegate.swift */,
			);
			path = SupportingFiles;
			sourceTree = "<group>";
		};
		C7CBA3BC277421FEC785C4CB /* Pods */ = {
			isa = PBXGroup;
			children = (
				1C6853DFEF55AD4953508655 /* Pods-InstagramClone.debug.xcconfig */,
				2CC4DEDE833650EF25F70D0F /* Pods-InstagramClone.release.xcconfig */,
			);
			path = Pods;
			sourceTree = "<group>";
		};
/* End PBXGroup section */

/* Begin PBXNativeTarget section */
		851BEC1F29C8687F00691376 /* InstagramClone */ = {
			isa = PBXNativeTarget;
			buildConfigurationList = 851BEC3429C8688000691376 /* Build configuration list for PBXNativeTarget "InstagramClone" */;
			buildPhases = (
				E165403B2A122FC4A5360105 /* [CP] Check Pods Manifest.lock */,
				851BEC1C29C8687F00691376 /* Sources */,
				851BEC1D29C8687F00691376 /* Frameworks */,
				851BEC1E29C8687F00691376 /* Resources */,
				888AEA275532281B07107F3D /* [CP] Embed Pods Frameworks */,
			);
			buildRules = (
			);
			dependencies = (
			);
			name = InstagramClone;
			productName = InstagramClone;
			productReference = 851BEC2029C8687F00691376 /* InstagramClone.app */;
			productType = "com.apple.product-type.application";
		};
/* End PBXNativeTarget section */

/* Begin PBXProject section */
		851BEC1829C8687F00691376 /* Project object */ = {
			isa = PBXProject;
			attributes = {
				BuildIndependentTargetsInParallel = 1;
				LastSwiftUpdateCheck = 1420;
				LastUpgradeCheck = 1420;
				TargetAttributes = {
					851BEC1F29C8687F00691376 = {
						CreatedOnToolsVersion = 14.2;
					};
				};
			};
			buildConfigurationList = 851BEC1B29C8687F00691376 /* Build configuration list for PBXProject "InstagramClone" */;
			compatibilityVersion = "Xcode 14.0";
			developmentRegion = en;
			hasScannedForEncodings = 0;
			knownRegions = (
				en,
				Base,
			);
			mainGroup = 851BEC1729C8687F00691376;
			productRefGroup = 851BEC2129C8687F00691376 /* Products */;
			projectDirPath = "";
			projectRoot = "";
			targets = (
				851BEC1F29C8687F00691376 /* InstagramClone */,
			);
		};
/* End PBXProject section */

/* Begin PBXResourcesBuildPhase section */
		851BEC1E29C8687F00691376 /* Resources */ = {
			isa = PBXResourcesBuildPhase;
			buildActionMask = 2147483647;
			files = (
				851BEC3029C8688000691376 /* LaunchScreen.storyboard in Resources */,
				85D9C0DD29C9C57C0023C400 /* Assets.xcassets in Resources */,
				85E2278829CB518500A19821 /* GoogleService-Info.plist in Resources */,
				851BEC2B29C8687F00691376 /* Main.storyboard in Resources */,
			);
			runOnlyForDeploymentPostprocessing = 0;
		};
/* End PBXResourcesBuildPhase section */

/* Begin PBXShellScriptBuildPhase section */
		888AEA275532281B07107F3D /* [CP] Embed Pods Frameworks */ = {
			isa = PBXShellScriptBuildPhase;
			buildActionMask = 2147483647;
			files = (
			);
			inputFileListPaths = (
				"${PODS_ROOT}/Target Support Files/Pods-InstagramClone/Pods-InstagramClone-frameworks-${CONFIGURATION}-input-files.xcfilelist",
			);
			name = "[CP] Embed Pods Frameworks";
			outputFileListPaths = (
				"${PODS_ROOT}/Target Support Files/Pods-InstagramClone/Pods-InstagramClone-frameworks-${CONFIGURATION}-output-files.xcfilelist",
			);
			runOnlyForDeploymentPostprocessing = 0;
			shellPath = /bin/sh;
			shellScript = "\"${PODS_ROOT}/Target Support Files/Pods-InstagramClone/Pods-InstagramClone-frameworks.sh\"\n";
			showEnvVarsInLog = 0;
		};
		E165403B2A122FC4A5360105 /* [CP] Check Pods Manifest.lock */ = {
			isa = PBXShellScriptBuildPhase;
			buildActionMask = 2147483647;
			files = (
			);
			inputFileListPaths = (
			);
			inputPaths = (
				"${PODS_PODFILE_DIR_PATH}/Podfile.lock",
				"${PODS_ROOT}/Manifest.lock",
			);
			name = "[CP] Check Pods Manifest.lock";
			outputFileListPaths = (
			);
			outputPaths = (
				"$(DERIVED_FILE_DIR)/Pods-InstagramClone-checkManifestLockResult.txt",
			);
			runOnlyForDeploymentPostprocessing = 0;
			shellPath = /bin/sh;
			shellScript = "diff \"${PODS_PODFILE_DIR_PATH}/Podfile.lock\" \"${PODS_ROOT}/Manifest.lock\" > /dev/null\nif [ $? != 0 ] ; then\n    # print error to STDERR\n    echo \"error: The sandbox is not in sync with the Podfile.lock. Run 'pod install' or update your CocoaPods installation.\" >&2\n    exit 1\nfi\n# This output is used by Xcode 'outputs' to avoid re-running this script phase.\necho \"SUCCESS\" > \"${SCRIPT_OUTPUT_FILE_0}\"\n";
			showEnvVarsInLog = 0;
		};
/* End PBXShellScriptBuildPhase section */

/* Begin PBXSourcesBuildPhase section */
		851BEC1C29C8687F00691376 /* Sources */ = {
			isa = PBXSourcesBuildPhase;
			buildActionMask = 2147483647;
			files = (
				85D9C10F29CAF30D0023C400 /* CustomTextField.swift in Sources */,
				85D9C10B29CAE8280023C400 /* LoginController.swift in Sources */,
				85D0A56D29D180BB0068BA87 /* ProfileFeedController.swift in Sources */,
				85FD7D3A29CEE86D009A8473 /* UploadPostController.swift in Sources */,
				85D9C0D729C9C2EB0023C400 /* ProfileController.swift in Sources */,
				85D0A57129D18E460068BA87 /* ActionSheetLauncher.swift in Sources */,
				85D9C0D929C9C2F70023C400 /* PostController.swift in Sources */,
				85D9C10D29CAE8320023C400 /* SignupController.swift in Sources */,
				85B8899929D83901008D8014 /* Comment.swift in Sources */,
				85D9C11329CAFE2C0023C400 /* AuthViewModel.swift in Sources */,
				852A7C7029CDC4D500C75191 /* UserService.swift in Sources */,
				851BEC2829C8687F00691376 /* ViewController.swift in Sources */,
				85B8899B29D83EAA008D8014 /* CommentViewModel.swift in Sources */,
				85D0A57329D18EF00068BA87 /* ActionSheetCell.swift in Sources */,
				85FD7D4429CF0B5D009A8473 /* Post.swift in Sources */,
				852A7C7429CDD98C00C75191 /* UserCell.swift in Sources */,
				85D9C0DB29C9C2FF0023C400 /* NotificationsController.swift in Sources */,
				85FD7D3C29CEF366009A8473 /* InputTextView.swift in Sources */,
				852A7C6C29CDA57300C75191 /* ProfileHeader.swift in Sources */,
				85D9C0D529C9C2D90023C400 /* SearchController.swift in Sources */,
				851BEC2429C8687F00691376 /* AppDelegate.swift in Sources */,
				85954C7829D57B590009EE7D /* CommentTextView.swift in Sources */,
				852A7C7229CDCA4200C75191 /* ProfileHeaderViewModel.swift in Sources */,
				85D9C0D329C9C2D10023C400 /* FeedController.swift in Sources */,
				851BEC4129C8698200691376 /* MainTabController.swift in Sources */,
				85D0A57529D194F30068BA87 /* ActionSheetHeader.swift in Sources */,
				85D0A57729D19D070068BA87 /* SavedController.swift in Sources */,
				852A7C7629CDF9C600C75191 /* UserCellViewModel.swift in Sources */,
				851BEC2629C8687F00691376 /* SceneDelegate.swift in Sources */,
				85954C7629D56E8F0009EE7D /* CommentCell.swift in Sources */,
				852A7C6429CC371C00C75191 /* ImageUploader.swift in Sources */,
				852A7C6629CC372300C75191 /* AuthService.swift in Sources */,
				85D0A56F29D18E160068BA87 /* ActionSheetViewModel.swift in Sources */,
				85D0A57929D1AAEC0068BA87 /* EditProfileController.swift in Sources */,
				852A7C6A29CDA56900C75191 /* ProfileCell.swift in Sources */,
				85FD7D4029CEF835009A8473 /* PostService.swift in Sources */,
				85FD7D4229CF0045009A8473 /* PostViewModel.swift in Sources */,
				85D9C10929CA0B810023C400 /* PostCell.swift in Sources */,
				85D9C11129CAF5330023C400 /* Extensions.swift in Sources */,
				85954C7429D56DC20009EE7D /* CommentController.swift in Sources */,
				852A7C6829CC3C6E00C75191 /* Constants.swift in Sources */,
				852A7C6E29CDC46E00C75191 /* User.swift in Sources */,
			);
			runOnlyForDeploymentPostprocessing = 0;
		};
/* End PBXSourcesBuildPhase section */

/* Begin PBXVariantGroup section */
		851BEC2929C8687F00691376 /* Main.storyboard */ = {
			isa = PBXVariantGroup;
			children = (
				851BEC2A29C8687F00691376 /* Base */,
			);
			name = Main.storyboard;
			sourceTree = "<group>";
		};
		851BEC2E29C8688000691376 /* LaunchScreen.storyboard */ = {
			isa = PBXVariantGroup;
			children = (
				851BEC2F29C8688000691376 /* Base */,
			);
			name = LaunchScreen.storyboard;
			sourceTree = "<group>";
		};
/* End PBXVariantGroup section */

/* Begin XCBuildConfiguration section */
		851BEC3229C8688000691376 /* Debug */ = {
			isa = XCBuildConfiguration;
			buildSettings = {
				ALWAYS_SEARCH_USER_PATHS = NO;
				CLANG_ANALYZER_NONNULL = YES;
				CLANG_ANALYZER_NUMBER_OBJECT_CONVERSION = YES_AGGRESSIVE;
				CLANG_CXX_LANGUAGE_STANDARD = "gnu++20";
				CLANG_ENABLE_MODULES = YES;
				CLANG_ENABLE_OBJC_ARC = YES;
				CLANG_ENABLE_OBJC_WEAK = YES;
				CLANG_WARN_BLOCK_CAPTURE_AUTORELEASING = YES;
				CLANG_WARN_BOOL_CONVERSION = YES;
				CLANG_WARN_COMMA = YES;
				CLANG_WARN_CONSTANT_CONVERSION = YES;
				CLANG_WARN_DEPRECATED_OBJC_IMPLEMENTATIONS = YES;
				CLANG_WARN_DIRECT_OBJC_ISA_USAGE = YES_ERROR;
				CLANG_WARN_DOCUMENTATION_COMMENTS = YES;
				CLANG_WARN_EMPTY_BODY = YES;
				CLANG_WARN_ENUM_CONVERSION = YES;
				CLANG_WARN_INFINITE_RECURSION = YES;
				CLANG_WARN_INT_CONVERSION = YES;
				CLANG_WARN_NON_LITERAL_NULL_CONVERSION = YES;
				CLANG_WARN_OBJC_IMPLICIT_RETAIN_SELF = YES;
				CLANG_WARN_OBJC_LITERAL_CONVERSION = YES;
				CLANG_WARN_OBJC_ROOT_CLASS = YES_ERROR;
				CLANG_WARN_QUOTED_INCLUDE_IN_FRAMEWORK_HEADER = YES;
				CLANG_WARN_RANGE_LOOP_ANALYSIS = YES;
				CLANG_WARN_STRICT_PROTOTYPES = YES;
				CLANG_WARN_SUSPICIOUS_MOVE = YES;
				CLANG_WARN_UNGUARDED_AVAILABILITY = YES_AGGRESSIVE;
				CLANG_WARN_UNREACHABLE_CODE = YES;
				CLANG_WARN__DUPLICATE_METHOD_MATCH = YES;
				COPY_PHASE_STRIP = NO;
				DEBUG_INFORMATION_FORMAT = dwarf;
				ENABLE_STRICT_OBJC_MSGSEND = YES;
				ENABLE_TESTABILITY = YES;
				GCC_C_LANGUAGE_STANDARD = gnu11;
				GCC_DYNAMIC_NO_PIC = NO;
				GCC_NO_COMMON_BLOCKS = YES;
				GCC_OPTIMIZATION_LEVEL = 0;
				GCC_PREPROCESSOR_DEFINITIONS = (
					"DEBUG=1",
					"$(inherited)",
				);
				GCC_WARN_64_TO_32_BIT_CONVERSION = YES;
				GCC_WARN_ABOUT_RETURN_TYPE = YES_ERROR;
				GCC_WARN_UNDECLARED_SELECTOR = YES;
				GCC_WARN_UNINITIALIZED_AUTOS = YES_AGGRESSIVE;
				GCC_WARN_UNUSED_FUNCTION = YES;
				GCC_WARN_UNUSED_VARIABLE = YES;
				IPHONEOS_DEPLOYMENT_TARGET = 16.2;
				MTL_ENABLE_DEBUG_INFO = INCLUDE_SOURCE;
				MTL_FAST_MATH = YES;
				ONLY_ACTIVE_ARCH = YES;
				SDKROOT = iphoneos;
				SWIFT_ACTIVE_COMPILATION_CONDITIONS = DEBUG;
				SWIFT_OPTIMIZATION_LEVEL = "-Onone";
			};
			name = Debug;
		};
		851BEC3329C8688000691376 /* Release */ = {
			isa = XCBuildConfiguration;
			buildSettings = {
				ALWAYS_SEARCH_USER_PATHS = NO;
				CLANG_ANALYZER_NONNULL = YES;
				CLANG_ANALYZER_NUMBER_OBJECT_CONVERSION = YES_AGGRESSIVE;
				CLANG_CXX_LANGUAGE_STANDARD = "gnu++20";
				CLANG_ENABLE_MODULES = YES;
				CLANG_ENABLE_OBJC_ARC = YES;
				CLANG_ENABLE_OBJC_WEAK = YES;
				CLANG_WARN_BLOCK_CAPTURE_AUTORELEASING = YES;
				CLANG_WARN_BOOL_CONVERSION = YES;
				CLANG_WARN_COMMA = YES;
				CLANG_WARN_CONSTANT_CONVERSION = YES;
				CLANG_WARN_DEPRECATED_OBJC_IMPLEMENTATIONS = YES;
				CLANG_WARN_DIRECT_OBJC_ISA_USAGE = YES_ERROR;
				CLANG_WARN_DOCUMENTATION_COMMENTS = YES;
				CLANG_WARN_EMPTY_BODY = YES;
				CLANG_WARN_ENUM_CONVERSION = YES;
				CLANG_WARN_INFINITE_RECURSION = YES;
				CLANG_WARN_INT_CONVERSION = YES;
				CLANG_WARN_NON_LITERAL_NULL_CONVERSION = YES;
				CLANG_WARN_OBJC_IMPLICIT_RETAIN_SELF = YES;
				CLANG_WARN_OBJC_LITERAL_CONVERSION = YES;
				CLANG_WARN_OBJC_ROOT_CLASS = YES_ERROR;
				CLANG_WARN_QUOTED_INCLUDE_IN_FRAMEWORK_HEADER = YES;
				CLANG_WARN_RANGE_LOOP_ANALYSIS = YES;
				CLANG_WARN_STRICT_PROTOTYPES = YES;
				CLANG_WARN_SUSPICIOUS_MOVE = YES;
				CLANG_WARN_UNGUARDED_AVAILABILITY = YES_AGGRESSIVE;
				CLANG_WARN_UNREACHABLE_CODE = YES;
				CLANG_WARN__DUPLICATE_METHOD_MATCH = YES;
				COPY_PHASE_STRIP = NO;
				DEBUG_INFORMATION_FORMAT = "dwarf-with-dsym";
				ENABLE_NS_ASSERTIONS = NO;
				ENABLE_STRICT_OBJC_MSGSEND = YES;
				GCC_C_LANGUAGE_STANDARD = gnu11;
				GCC_NO_COMMON_BLOCKS = YES;
				GCC_WARN_64_TO_32_BIT_CONVERSION = YES;
				GCC_WARN_ABOUT_RETURN_TYPE = YES_ERROR;
				GCC_WARN_UNDECLARED_SELECTOR = YES;
				GCC_WARN_UNINITIALIZED_AUTOS = YES_AGGRESSIVE;
				GCC_WARN_UNUSED_FUNCTION = YES;
				GCC_WARN_UNUSED_VARIABLE = YES;
				IPHONEOS_DEPLOYMENT_TARGET = 16.2;
				MTL_ENABLE_DEBUG_INFO = NO;
				MTL_FAST_MATH = YES;
				SDKROOT = iphoneos;
				SWIFT_COMPILATION_MODE = wholemodule;
				SWIFT_OPTIMIZATION_LEVEL = "-O";
				VALIDATE_PRODUCT = YES;
			};
			name = Release;
		};
		851BEC3529C8688000691376 /* Debug */ = {
			isa = XCBuildConfiguration;
			baseConfigurationReference = 1C6853DFEF55AD4953508655 /* Pods-InstagramClone.debug.xcconfig */;
			buildSettings = {
				ASSETCATALOG_COMPILER_APPICON_NAME = AppIcon;
				ASSETCATALOG_COMPILER_GLOBAL_ACCENT_COLOR_NAME = AccentColor;
				CODE_SIGN_STYLE = Automatic;
				CURRENT_PROJECT_VERSION = 1;
				DEVELOPMENT_TEAM = PNL8X2N9J2;
				GENERATE_INFOPLIST_FILE = YES;
				INFOPLIST_FILE = InstagramClone/Info.plist;
				INFOPLIST_KEY_UIApplicationSupportsIndirectInputEvents = YES;
				INFOPLIST_KEY_UILaunchStoryboardName = LaunchScreen;
				INFOPLIST_KEY_UIMainStoryboardFile = Main;
				INFOPLIST_KEY_UISupportedInterfaceOrientations_iPad = "UIInterfaceOrientationPortrait UIInterfaceOrientationPortraitUpsideDown UIInterfaceOrientationLandscapeLeft UIInterfaceOrientationLandscapeRight";
				INFOPLIST_KEY_UISupportedInterfaceOrientations_iPhone = "UIInterfaceOrientationPortrait UIInterfaceOrientationLandscapeLeft UIInterfaceOrientationLandscapeRight";
				LD_RUNPATH_SEARCH_PATHS = (
					"$(inherited)",
					"@executable_path/Frameworks",
				);
				MARKETING_VERSION = 1.0;
				PRODUCT_BUNDLE_IDENTIFIER = com.vladimiroff.InstagramClone;
				PRODUCT_NAME = "$(TARGET_NAME)";
				SUPPORTED_PLATFORMS = "iphoneos iphonesimulator";
				SUPPORTS_MACCATALYST = NO;
				SUPPORTS_MAC_DESIGNED_FOR_IPHONE_IPAD = NO;
				SWIFT_EMIT_LOC_STRINGS = YES;
				SWIFT_VERSION = 5.0;
				TARGETED_DEVICE_FAMILY = "1,2";
			};
			name = Debug;
		};
		851BEC3629C8688000691376 /* Release */ = {
			isa = XCBuildConfiguration;
			baseConfigurationReference = 2CC4DEDE833650EF25F70D0F /* Pods-InstagramClone.release.xcconfig */;
			buildSettings = {
				ASSETCATALOG_COMPILER_APPICON_NAME = AppIcon;
				ASSETCATALOG_COMPILER_GLOBAL_ACCENT_COLOR_NAME = AccentColor;
				CODE_SIGN_STYLE = Automatic;
				CURRENT_PROJECT_VERSION = 1;
				DEVELOPMENT_TEAM = PNL8X2N9J2;
				GENERATE_INFOPLIST_FILE = YES;
				INFOPLIST_FILE = InstagramClone/Info.plist;
				INFOPLIST_KEY_UIApplicationSupportsIndirectInputEvents = YES;
				INFOPLIST_KEY_UILaunchStoryboardName = LaunchScreen;
				INFOPLIST_KEY_UIMainStoryboardFile = Main;
				INFOPLIST_KEY_UISupportedInterfaceOrientations_iPad = "UIInterfaceOrientationPortrait UIInterfaceOrientationPortraitUpsideDown UIInterfaceOrientationLandscapeLeft UIInterfaceOrientationLandscapeRight";
				INFOPLIST_KEY_UISupportedInterfaceOrientations_iPhone = "UIInterfaceOrientationPortrait UIInterfaceOrientationLandscapeLeft UIInterfaceOrientationLandscapeRight";
				LD_RUNPATH_SEARCH_PATHS = (
					"$(inherited)",
					"@executable_path/Frameworks",
				);
				MARKETING_VERSION = 1.0;
				PRODUCT_BUNDLE_IDENTIFIER = com.vladimiroff.InstagramClone;
				PRODUCT_NAME = "$(TARGET_NAME)";
				SUPPORTED_PLATFORMS = "iphoneos iphonesimulator";
				SUPPORTS_MACCATALYST = NO;
				SUPPORTS_MAC_DESIGNED_FOR_IPHONE_IPAD = NO;
				SWIFT_EMIT_LOC_STRINGS = YES;
				SWIFT_VERSION = 5.0;
				TARGETED_DEVICE_FAMILY = "1,2";
			};
			name = Release;
		};
/* End XCBuildConfiguration section */

/* Begin XCConfigurationList section */
		851BEC1B29C8687F00691376 /* Build configuration list for PBXProject "InstagramClone" */ = {
			isa = XCConfigurationList;
			buildConfigurations = (
				851BEC3229C8688000691376 /* Debug */,
				851BEC3329C8688000691376 /* Release */,
			);
			defaultConfigurationIsVisible = 0;
			defaultConfigurationName = Release;
		};
		851BEC3429C8688000691376 /* Build configuration list for PBXNativeTarget "InstagramClone" */ = {
			isa = XCConfigurationList;
			buildConfigurations = (
				851BEC3529C8688000691376 /* Debug */,
				851BEC3629C8688000691376 /* Release */,
			);
			defaultConfigurationIsVisible = 0;
			defaultConfigurationName = Release;
		};
/* End XCConfigurationList section */
	};
	rootObject = 851BEC1829C8687F00691376 /* Project object */;
}
